
Microsoft Visual Studio Solution File, Format Version 12.00
# Visual Studio 15
VisualStudioVersion = 15.0.26228.4
MinimumVisualStudioVersion = 10.0.40219.1
Project("{2150E333-8FDC-42A3-9474-1A3956D46DE8}") = "CleanArch.Appllication", "CleanArch.Appllication", "{7F74152F-E24F-46E2-AB91-FB5B426C573E}"
EndProject
Project("{2150E333-8FDC-42A3-9474-1A3956D46DE8}") = "CleanArch.Domain", "CleanArch.Domain", "{B5B1ACDA-F457-4F40-9E04-AAFC554BC2B4}"
EndProject
Project("{2150E333-8FDC-42A3-9474-1A3956D46DE8}") = "CleanArch.Infra.Ioc", "CleanArch.Infra.Ioc", "{B959935D-A237-48E0-8E53-19E60128552A}"
EndProject
Project("{2150E333-8FDC-42A3-9474-1A3956D46DE8}") = "CleanArch.Infra.Data", "CleanArch.Infra.Data", "{0FBC1E36-2A87-40E4-AA83-C8F1A96805E2}"
EndProject
Project("{2150E333-8FDC-42A3-9474-1A3956D46DE8}") = "CleanArch.UI.MVC", "CleanArch.UI.MVC", "{CA4F0AED-FD44-4175-A241-385148D3E57E}"
EndProject
Project("{FAE04EC0-301F-11D3-BF4B-00C04F79EFBC}") = "CleanArch.Mvc1", "CleanArch.Mvc1\CleanArch.Mvc1.csproj", "{77C8AB25-A9B8-403E-8610-B1164E761CA1}"
EndProject
Global
	GlobalSection(SolutionConfigurationPlatforms) = preSolution
		Debug|Any CPU = Debug|Any CPU
		Release|Any CPU = Release|Any CPU
	EndGlobalSection
	GlobalSection(ProjectConfigurationPlatforms) = postSolution
		{77C8AB25-A9B8-403E-8610-B1164E761CA1}.Debug|Any CPU.ActiveCfg = Debug|Any CPU
		{77C8AB25-A9B8-403E-8610-B1164E761CA1}.Debug|Any CPU.Build.0 = Debug|Any CPU
		{77C8AB25-A9B8-403E-8610-B1164E761CA1}.Release|Any CPU.ActiveCfg = Release|Any CPU
		{77C8AB25-A9B8-403E-8610-B1164E761CA1}.Release|Any CPU.Build.0 = Release|Any CPU
	EndGlobalSection
	GlobalSection(SolutionProperties) = preSolution
		HideSolutionNode = FALSE
	EndGlobalSection
	GlobalSection(NestedProjects) = preSolution
		{77C8AB25-A9B8-403E-8610-B1164E761CA1} = {CA4F0AED-FD44-4175-A241-385148D3E57E}
	EndGlobalSection
	GlobalSection(ExtensibilityGlobals) = postSolution
		SolutionGuid = {F020EB84-E4F8-4DBE-A88B-A8A43E843943}
	EndGlobalSection
EndGlobal
